
Microsoft Visual Studio Solution File, Format Version 12.00
# Visual Studio Version 16
VisualStudioVersion = 16.0.30320.27
MinimumVisualStudioVersion = 10.0.40219.1
Project("{FAE04EC0-301F-11D3-BF4B-00C04F79EFBC}") = "DataVirtualization", "DataVirtualization.csproj", "{FE37F2AF-95C2-4EB7-A0F7-E47FE04C1F89}"
EndProject
Global
	GlobalSection(SolutionConfigurationPlatforms) = preSolution
		Debug|Any CPU = Debug|Any CPU
		Release|Any CPU = Release|Any CPU
	EndGlobalSection
	GlobalSection(ProjectConfigurationPlatforms) = postSolution
		{FE37F2AF-95C2-4EB7-A0F7-E47FE04C1F89}.Debug|Any CPU.ActiveCfg = Debug|Any CPU
		{FE37F2AF-95C2-4EB7-A0F7-E47FE04C1F89}.Debug|Any CPU.Build.0 = Debug|Any CPU
		{FE37F2AF-95C2-4EB7-A0F7-E47FE04C1F89}.Release|Any CPU.ActiveCfg = Release|Any CPU
		{FE37F2AF-95C2-4EB7-A0F7-E47FE04C1F89}.Release|Any CPU.Build.0 = Release|Any CPU
	EndGlobalSection
	GlobalSection(SolutionProperties) = preSolution
		HideSolutionNode = FALSE
	EndGlobalSection
	GlobalSection(ExtensibilityGlobals) = postSolution
		SolutionGuid = {C8EF61BC-AD59-4416-8BC3-F0D5F481594C}
	EndGlobalSection
EndGlobal
